
Microsoft Visual Studio Solution File, Format Version 12.00
# Visual Studio Version 17
VisualStudioVersion = 17.0.32126.317
MinimumVisualStudioVersion = 10.0.40219.1
Project("{FAE04EC0-301F-11D3-BF4B-00C04F79EFBC}") = "E-CommerceApp-Backend", "E-CommerceApp-Backend\E-CommerceApp-Backend.csproj", "{4ACC6028-97D7-42C5-AD3A-A77043DE6C92}"
EndProject
Global
	GlobalSection(SolutionConfigurationPlatforms) = preSolution
		Debug|Any CPU = Debug|Any CPU
		Release|Any CPU = Release|Any CPU
	EndGlobalSection
	GlobalSection(ProjectConfigurationPlatforms) = postSolution
		{4ACC6028-97D7-42C5-AD3A-A77043DE6C92}.Debug|Any CPU.ActiveCfg = Debug|Any CPU
		{4ACC6028-97D7-42C5-AD3A-A77043DE6C92}.Debug|Any CPU.Build.0 = Debug|Any CPU
		{4ACC6028-97D7-42C5-AD3A-A77043DE6C92}.Release|Any CPU.ActiveCfg = Release|Any CPU
		{4ACC6028-97D7-42C5-AD3A-A77043DE6C92}.Release|Any CPU.Build.0 = Release|Any CPU
	EndGlobalSection
	GlobalSection(SolutionProperties) = preSolution
		HideSolutionNode = FALSE
	EndGlobalSection
	GlobalSection(ExtensibilityGlobals) = postSolution
		SolutionGuid = {EF5E9D17-684A-4A24-A32A-04231F6E1AE6}
	EndGlobalSection
EndGlobal
